
Microsoft Visual Studio Solution File, Format Version 12.00
# Visual Studio Version 17
VisualStudioVersion = 17.2.32630.192
MinimumVisualStudioVersion = 10.0.40219.1
Project("{FAE04EC0-301F-11D3-BF4B-00C04F79EFBC}") = "JuegoDeMemoria", "JuegoDeMemoria\JuegoDeMemoria.csproj", "{0913B72A-31F8-470E-A370-1B288AA0E596}"
EndProject
Global
	GlobalSection(SolutionConfigurationPlatforms) = preSolution
		Debug|Any CPU = Debug|Any CPU
		Release|Any CPU = Release|Any CPU
	EndGlobalSection
	GlobalSection(ProjectConfigurationPlatforms) = postSolution
		{0913B72A-31F8-470E-A370-1B288AA0E596}.Debug|Any CPU.ActiveCfg = Debug|Any CPU
		{0913B72A-31F8-470E-A370-1B288AA0E596}.Debug|Any CPU.Build.0 = Debug|Any CPU
		{0913B72A-31F8-470E-A370-1B288AA0E596}.Release|Any CPU.ActiveCfg = Release|Any CPU
		{0913B72A-31F8-470E-A370-1B288AA0E596}.Release|Any CPU.Build.0 = Release|Any CPU
	EndGlobalSection
	GlobalSection(SolutionProperties) = preSolution
		HideSolutionNode = FALSE
	EndGlobalSection
	GlobalSection(ExtensibilityGlobals) = postSolution
		SolutionGuid = {69FCEC16-2DA7-46B1-9212-9C44E8FFB872}
	EndGlobalSection
EndGlobal
